// !$*UTF8*$!
{
	archiveVersion = 1;
	classes = {
	};
	objectVersion = 52;
	objects = {

/* Begin PBXBuildFile section */
		830646B4242BAFA600A7F3B2 /* MenueOptionStruct.swift in Sources */ = {isa = PBXBuildFile; fileRef = 830646B3242BAFA600A7F3B2 /* MenueOptionStruct.swift */; };
		830646B6242BB05F00A7F3B2 /* MenueOptionCell.swift in Sources */ = {isa = PBXBuildFile; fileRef = 830646B5242BB05F00A7F3B2 /* MenueOptionCell.swift */; };
		830646B8242BB69000A7F3B2 /* MenueOptionTableView.swift in Sources */ = {isa = PBXBuildFile; fileRef = 830646B7242BB69000A7F3B2 /* MenueOptionTableView.swift */; };
		830646BB242D210200A7F3B2 /* ColorHelper.swift in Sources */ = {isa = PBXBuildFile; fileRef = 830646BA242D210200A7F3B2 /* ColorHelper.swift */; };
		832E0BA124323AF100CEC488 /* DropDownStruct.swift in Sources */ = {isa = PBXBuildFile; fileRef = 832E0BA024323AF100CEC488 /* DropDownStruct.swift */; };
		832E9CAF240C6A5C00135A50 /* CommunityViewController.swift in Sources */ = {isa = PBXBuildFile; fileRef = 832E9CAE240C6A5C00135A50 /* CommunityViewController.swift */; };
		8338857A23F8A0AE0043DC12 /* TableViewAnimations.swift in Sources */ = {isa = PBXBuildFile; fileRef = 8338857923F8A0AE0043DC12 /* TableViewAnimations.swift */; };
		8357A270243657CB00DFF949 /* MainCollectionView.swift in Sources */ = {isa = PBXBuildFile; fileRef = 8357A26F243657CB00DFF949 /* MainCollectionView.swift */; };
		8357A273243677B300DFF949 /* WishWishView.swift in Sources */ = {isa = PBXBuildFile; fileRef = 8357A272243677B300DFF949 /* WishWishView.swift */; };
		83605075232674760013EBD2 /* TextfieldExtension.swift in Sources */ = {isa = PBXBuildFile; fileRef = 83605074232674760013EBD2 /* TextfieldExtension.swift */; };
		836232B423C9E40800FA498D /* MakeWishView.swift in Sources */ = {isa = PBXBuildFile; fileRef = 836232B323C9E40700FA498D /* MakeWishView.swift */; };
		836232B623CD2BC700FA498D /* CollectionViewAnimations.swift in Sources */ = {isa = PBXBuildFile; fileRef = 836232B523CD2BC700FA498D /* CollectionViewAnimations.swift */; };
		836A862323875325000E76E4 /* WhishCell.swift in Sources */ = {isa = PBXBuildFile; fileRef = 836A862223875325000E76E4 /* WhishCell.swift */; };
		836A862523880B21000E76E4 /* WhishlistTableViewController.swift in Sources */ = {isa = PBXBuildFile; fileRef = 836A862423880B21000E76E4 /* WhishlistTableViewController.swift */; };
		836A862723916FAD000E76E4 /* DropDownTableView.swift in Sources */ = {isa = PBXBuildFile; fileRef = 836A862623916FAC000E76E4 /* DropDownTableView.swift */; };
		8386EB8923CDFDCF00C7720F /* AlertHelper.swift in Sources */ = {isa = PBXBuildFile; fileRef = 8386EB8823CDFDCF00C7720F /* AlertHelper.swift */; };
		839091CE237220690034ED79 /* ImageCollectionVC.swift in Sources */ = {isa = PBXBuildFile; fileRef = 839091CD237220690034ED79 /* ImageCollectionVC.swift */; };
		839091D02372F74A0034ED79 /* ImageCollectionViewCell.swift in Sources */ = {isa = PBXBuildFile; fileRef = 839091CF2372F74A0034ED79 /* ImageCollectionViewCell.swift */; };
		8392D53E24268B1F00FF6EA0 /* AuthenticationServices.framework in Frameworks */ = {isa = PBXBuildFile; fileRef = 8392D53D24268B1F00FF6EA0 /* AuthenticationServices.framework */; };
		8392D557242798F000FF6EA0 /* ShareViewController.swift in Sources */ = {isa = PBXBuildFile; fileRef = 8392D556242798F000FF6EA0 /* ShareViewController.swift */; };
		8392D55E242798F000FF6EA0 /* ShareExtension.appex in Embed App Extensions */ = {isa = PBXBuildFile; fileRef = 8392D554242798F000FF6EA0 /* ShareExtension.appex */; settings = {ATTRIBUTES = (RemoveHeadersOnCopy, ); }; };
		8392D5642427A08100FF6EA0 /* CustomShareNavigationController.swift in Sources */ = {isa = PBXBuildFile; fileRef = 8392D5632427A08100FF6EA0 /* CustomShareNavigationController.swift */; };
		8392D5672428F52500FF6EA0 /* GoogleService-Info.plist in Resources */ = {isa = PBXBuildFile; fileRef = 8392D5662428F52500FF6EA0 /* GoogleService-Info.plist */; };
		83953A6D23D64F4A00589036 /* ButtonHelper.swift in Sources */ = {isa = PBXBuildFile; fileRef = 83953A6C23D64F4900589036 /* ButtonHelper.swift */; };
		839A8EE923A80F9C00C432EA /* DropDownCell.swift in Sources */ = {isa = PBXBuildFile; fileRef = 839A8EE823A80F9C00C432EA /* DropDownCell.swift */; };
		83A1939E230D6062002D22C0 /* AppDelegate.swift in Sources */ = {isa = PBXBuildFile; fileRef = 83A1939D230D6062002D22C0 /* AppDelegate.swift */; };
		83A193A0230D6062002D22C0 /* FirstLaunchVC.swift in Sources */ = {isa = PBXBuildFile; fileRef = 83A1939F230D6062002D22C0 /* FirstLaunchVC.swift */; };
		83A193A3230D6062002D22C0 /* Main.storyboard in Resources */ = {isa = PBXBuildFile; fileRef = 83A193A1230D6062002D22C0 /* Main.storyboard */; };
		83A193A8230D6064002D22C0 /* LaunchScreen.storyboard in Resources */ = {isa = PBXBuildFile; fileRef = 83A193A6230D6064002D22C0 /* LaunchScreen.storyboard */; };
		83A193B2230EF655002D22C0 /* SignUpVC.swift in Sources */ = {isa = PBXBuildFile; fileRef = 83A193B1230EF655002D22C0 /* SignUpVC.swift */; };
		83A193B4230EF66C002D22C0 /* LoginVC.swift in Sources */ = {isa = PBXBuildFile; fileRef = 83A193B3230EF66C002D22C0 /* LoginVC.swift */; };
		83A193B6230EF686002D22C0 /* MainVC.swift in Sources */ = {isa = PBXBuildFile; fileRef = 83A193B5230EF686002D22C0 /* MainVC.swift */; };
		83A193B9230F0570002D22C0 /* Utilities.swift in Sources */ = {isa = PBXBuildFile; fileRef = 83A193B8230F0570002D22C0 /* Utilities.swift */; };
		83A193BE230F2640002D22C0 /* Constants.swift in Sources */ = {isa = PBXBuildFile; fileRef = 83A193BD230F2640002D22C0 /* Constants.swift */; };
		83A3BD1B23A68809003FDCC1 /* CenterAlignedFlowlayout.swift in Sources */ = {isa = PBXBuildFile; fileRef = 83A3BD1A23A68809003FDCC1 /* CenterAlignedFlowlayout.swift */; };
		83A3BD1D23A6887E003FDCC1 /* LeftAlignedFlowLayout.swift in Sources */ = {isa = PBXBuildFile; fileRef = 83A3BD1C23A6887E003FDCC1 /* LeftAlignedFlowLayout.swift */; };
		83A3BD2023A68C3D003FDCC1 /* ContentCell.swift in Sources */ = {isa = PBXBuildFile; fileRef = 83A3BD1F23A68C3D003FDCC1 /* ContentCell.swift */; };
		83A3BD2423A68CA7003FDCC1 /* AddItemCell.swift in Sources */ = {isa = PBXBuildFile; fileRef = 83A3BD2323A68CA7003FDCC1 /* AddItemCell.swift */; };
		83A6622D236F3C1600412A46 /* bottomBorderTextfieldExtension.swift in Sources */ = {isa = PBXBuildFile; fileRef = 83A6622C236F3C1600412A46 /* bottomBorderTextfieldExtension.swift */; };
		83A68D05239EBB6800DBDB45 /* DataHandler.swift in Sources */ = {isa = PBXBuildFile; fileRef = 83A68D04239EBB6800DBDB45 /* DataHandler.swift */; };
		83BE0A7A243E8E460095DCAD /* TextFieldEffects in Frameworks */ = {isa = PBXBuildFile; productRef = 83BE0A79243E8E460095DCAD /* TextFieldEffects */; };
		83BE0A7C2440F1AC0095DCAD /* AlignedAspectFitImageViewHelper.swift in Sources */ = {isa = PBXBuildFile; fileRef = 83BE0A7B2440F1AA0095DCAD /* AlignedAspectFitImageViewHelper.swift */; };
		83BE0A7E244387110095DCAD /* ImageHelper.swift in Sources */ = {isa = PBXBuildFile; fileRef = 83BE0A7D2443870F0095DCAD /* ImageHelper.swift */; };
		83BF292F23DE28DB003A3AF1 /* EmailVC.swift in Sources */ = {isa = PBXBuildFile; fileRef = 83BF292E23DE28DB003A3AF1 /* EmailVC.swift */; };
		83C041EC23DA435100AF527F /* MainNavigationControllerViewController.swift in Sources */ = {isa = PBXBuildFile; fileRef = 83C041EB23DA435100AF527F /* MainNavigationControllerViewController.swift */; };
		83D15FDD23B6731A00007A53 /* WishlistVC.swift in Sources */ = {isa = PBXBuildFile; fileRef = 83D15FDC23B6731A00007A53 /* WishlistVC.swift */; };
		83D15FDF23BA908900007A53 /* WishlistStruct.swift in Sources */ = {isa = PBXBuildFile; fileRef = 83D15FDE23BA908900007A53 /* WishlistStruct.swift */; };
		83D39BB92421774900AE88F7 /* Assets.xcassets in Resources */ = {isa = PBXBuildFile; fileRef = 83A193A4230D6064002D22C0 /* Assets.xcassets */; };
		83DA1B38241BBD13008A58EB /* UITapGesture.swift in Sources */ = {isa = PBXBuildFile; fileRef = 83DA1B37241BBD13008A58EB /* UITapGesture.swift */; };
		83DA1B3C241D0889008A58EB /* LoadingAnimation.json in Resources */ = {isa = PBXBuildFile; fileRef = 83DA1B3B241D0889008A58EB /* LoadingAnimation.json */; };
		83DA1B3F241FD915008A58EB /* UserNameVC.swift in Sources */ = {isa = PBXBuildFile; fileRef = 83DA1B3E241FD915008A58EB /* UserNameVC.swift */; };
		83DA1B4124210C46008A58EB /* ForgotPasswordVC.swift in Sources */ = {isa = PBXBuildFile; fileRef = 83DA1B4024210C46008A58EB /* ForgotPasswordVC.swift */; };
		83DA1B4324216370008A58EB /* CreateNewListView.swift in Sources */ = {isa = PBXBuildFile; fileRef = 83DA1B4224216370008A58EB /* CreateNewListView.swift */; };
		83F0A97E238025B000EA701D /* ContainerViewController.swift in Sources */ = {isa = PBXBuildFile; fileRef = 83F0A97D238025B000EA701D /* ContainerViewController.swift */; };
		83F51D63240D0D5D00FC6036 /* StrokeAnimation.json in Resources */ = {isa = PBXBuildFile; fileRef = 83F51D62240D0D5D00FC6036 /* StrokeAnimation.json */; };
		83FE84B323DB3128008D9F7B /* ProfileViewController.swift in Sources */ = {isa = PBXBuildFile; fileRef = 83FE84B223DB3128008D9F7B /* ProfileViewController.swift */; };
		83FE84B523DB3BC9008D9F7B /* UserDefault+Helpers.swift in Sources */ = {isa = PBXBuildFile; fileRef = 83FE84B423DB3BC9008D9F7B /* UserDefault+Helpers.swift */; };
		DCD3D2EDD1B7AD99D2F0E049 /* Pods_Wishlists.framework in Frameworks */ = {isa = PBXBuildFile; fileRef = 3F3ED32CB60A419611E0D26F /* Pods_Wishlists.framework */; };
/* End PBXBuildFile section */

/* Begin PBXContainerItemProxy section */
		8392D55C242798F000FF6EA0 /* PBXContainerItemProxy */ = {
			isa = PBXContainerItemProxy;
			containerPortal = 83A19392230D6062002D22C0 /* Project object */;
			proxyType = 1;
			remoteGlobalIDString = 8392D553242798F000FF6EA0;
			remoteInfo = ShareExtension;
		};
/* End PBXContainerItemProxy section */

/* Begin PBXCopyFilesBuildPhase section */
		8392D562242798F000FF6EA0 /* Embed App Extensions */ = {
			isa = PBXCopyFilesBuildPhase;
			buildActionMask = 2147483647;
			dstPath = "";
			dstSubfolderSpec = 13;
			files = (
				8392D55E242798F000FF6EA0 /* ShareExtension.appex in Embed App Extensions */,
			);
			name = "Embed App Extensions";
			runOnlyForDeploymentPostprocessing = 0;
		};
/* End PBXCopyFilesBuildPhase section */

/* Begin PBXFileReference section */
		1E6F87A0004C35366F403145 /* Pods-Wishlists.release.xcconfig */ = {isa = PBXFileReference; includeInIndex = 1; lastKnownFileType = text.xcconfig; name = "Pods-Wishlists.release.xcconfig"; path = "Target Support Files/Pods-Wishlists/Pods-Wishlists.release.xcconfig"; sourceTree = "<group>"; };
		264894DEC8A3670A3F48B4D4 /* Pods-Wishlist.release.xcconfig */ = {isa = PBXFileReference; includeInIndex = 1; lastKnownFileType = text.xcconfig; name = "Pods-Wishlist.release.xcconfig"; path = "Target Support Files/Pods-Wishlist/Pods-Wishlist.release.xcconfig"; sourceTree = "<group>"; };
		3F3ED32CB60A419611E0D26F /* Pods_Wishlists.framework */ = {isa = PBXFileReference; explicitFileType = wrapper.framework; includeInIndex = 0; path = Pods_Wishlists.framework; sourceTree = BUILT_PRODUCTS_DIR; };
		49FD15AA770B5322A0BC7C36 /* Pods-Wishlist.debug.xcconfig */ = {isa = PBXFileReference; includeInIndex = 1; lastKnownFileType = text.xcconfig; name = "Pods-Wishlist.debug.xcconfig"; path = "Target Support Files/Pods-Wishlist/Pods-Wishlist.debug.xcconfig"; sourceTree = "<group>"; };
		830646B3242BAFA600A7F3B2 /* MenueOptionStruct.swift */ = {isa = PBXFileReference; lastKnownFileType = sourcecode.swift; path = MenueOptionStruct.swift; sourceTree = "<group>"; };
		830646B5242BB05F00A7F3B2 /* MenueOptionCell.swift */ = {isa = PBXFileReference; lastKnownFileType = sourcecode.swift; path = MenueOptionCell.swift; sourceTree = "<group>"; };
		830646B7242BB69000A7F3B2 /* MenueOptionTableView.swift */ = {isa = PBXFileReference; lastKnownFileType = sourcecode.swift; path = MenueOptionTableView.swift; sourceTree = "<group>"; };
		830646BA242D210200A7F3B2 /* ColorHelper.swift */ = {isa = PBXFileReference; lastKnownFileType = sourcecode.swift; path = ColorHelper.swift; sourceTree = "<group>"; };
		832E0BA024323AF100CEC488 /* DropDownStruct.swift */ = {isa = PBXFileReference; lastKnownFileType = sourcecode.swift; path = DropDownStruct.swift; sourceTree = "<group>"; };
		832E9CAE240C6A5C00135A50 /* CommunityViewController.swift */ = {isa = PBXFileReference; lastKnownFileType = sourcecode.swift; path = CommunityViewController.swift; sourceTree = "<group>"; };
		8338857923F8A0AE0043DC12 /* TableViewAnimations.swift */ = {isa = PBXFileReference; lastKnownFileType = sourcecode.swift; path = TableViewAnimations.swift; sourceTree = "<group>"; };
		8357A26F243657CB00DFF949 /* MainCollectionView.swift */ = {isa = PBXFileReference; lastKnownFileType = sourcecode.swift; path = MainCollectionView.swift; sourceTree = "<group>"; };
		8357A272243677B300DFF949 /* WishWishView.swift */ = {isa = PBXFileReference; lastKnownFileType = sourcecode.swift; path = WishWishView.swift; sourceTree = "<group>"; };
		83605074232674760013EBD2 /* TextfieldExtension.swift */ = {isa = PBXFileReference; lastKnownFileType = sourcecode.swift; path = TextfieldExtension.swift; sourceTree = "<group>"; };
		836232B323C9E40700FA498D /* MakeWishView.swift */ = {isa = PBXFileReference; lastKnownFileType = sourcecode.swift; path = MakeWishView.swift; sourceTree = "<group>"; };
		836232B523CD2BC700FA498D /* CollectionViewAnimations.swift */ = {isa = PBXFileReference; lastKnownFileType = sourcecode.swift; path = CollectionViewAnimations.swift; sourceTree = "<group>"; };
		836A862223875325000E76E4 /* WhishCell.swift */ = {isa = PBXFileReference; lastKnownFileType = sourcecode.swift; path = WhishCell.swift; sourceTree = "<group>"; };
		836A862423880B21000E76E4 /* WhishlistTableViewController.swift */ = {isa = PBXFileReference; lastKnownFileType = sourcecode.swift; path = WhishlistTableViewController.swift; sourceTree = "<group>"; };
		836A862623916FAC000E76E4 /* DropDownTableView.swift */ = {isa = PBXFileReference; lastKnownFileType = sourcecode.swift; path = DropDownTableView.swift; sourceTree = "<group>"; };
		8386EB8823CDFDCF00C7720F /* AlertHelper.swift */ = {isa = PBXFileReference; lastKnownFileType = sourcecode.swift; path = AlertHelper.swift; sourceTree = "<group>"; };
		839091CD237220690034ED79 /* ImageCollectionVC.swift */ = {isa = PBXFileReference; lastKnownFileType = sourcecode.swift; path = ImageCollectionVC.swift; sourceTree = "<group>"; };
		839091CF2372F74A0034ED79 /* ImageCollectionViewCell.swift */ = {isa = PBXFileReference; lastKnownFileType = sourcecode.swift; path = ImageCollectionViewCell.swift; sourceTree = "<group>"; };
		8392D53D24268B1F00FF6EA0 /* AuthenticationServices.framework */ = {isa = PBXFileReference; lastKnownFileType = wrapper.framework; name = AuthenticationServices.framework; path = System/Library/Frameworks/AuthenticationServices.framework; sourceTree = SDKROOT; };
		8392D554242798F000FF6EA0 /* ShareExtension.appex */ = {isa = PBXFileReference; explicitFileType = "wrapper.app-extension"; includeInIndex = 0; path = ShareExtension.appex; sourceTree = BUILT_PRODUCTS_DIR; };
		8392D556242798F000FF6EA0 /* ShareViewController.swift */ = {isa = PBXFileReference; lastKnownFileType = sourcecode.swift; path = ShareViewController.swift; sourceTree = "<group>"; };
		8392D55B242798F000FF6EA0 /* Info.plist */ = {isa = PBXFileReference; lastKnownFileType = text.plist.xml; path = Info.plist; sourceTree = "<group>"; };
		8392D5632427A08100FF6EA0 /* CustomShareNavigationController.swift */ = {isa = PBXFileReference; lastKnownFileType = sourcecode.swift; path = CustomShareNavigationController.swift; sourceTree = "<group>"; };
		8392D5652427A1DA00FF6EA0 /* ShareExtension.entitlements */ = {isa = PBXFileReference; lastKnownFileType = text.plist.entitlements; path = ShareExtension.entitlements; sourceTree = "<group>"; };
		8392D5662428F52500FF6EA0 /* GoogleService-Info.plist */ = {isa = PBXFileReference; fileEncoding = 4; lastKnownFileType = text.plist.xml; path = "GoogleService-Info.plist"; sourceTree = "<group>"; };
		83953A6C23D64F4900589036 /* ButtonHelper.swift */ = {isa = PBXFileReference; lastKnownFileType = sourcecode.swift; path = ButtonHelper.swift; sourceTree = "<group>"; };
		839A8EE823A80F9C00C432EA /* DropDownCell.swift */ = {isa = PBXFileReference; lastKnownFileType = sourcecode.swift; path = DropDownCell.swift; sourceTree = "<group>"; };
		83A1939A230D6062002D22C0 /* Wishlists.app */ = {isa = PBXFileReference; explicitFileType = wrapper.application; includeInIndex = 0; path = Wishlists.app; sourceTree = BUILT_PRODUCTS_DIR; };
		83A1939D230D6062002D22C0 /* AppDelegate.swift */ = {isa = PBXFileReference; lastKnownFileType = sourcecode.swift; path = AppDelegate.swift; sourceTree = "<group>"; };
		83A1939F230D6062002D22C0 /* FirstLaunchVC.swift */ = {isa = PBXFileReference; lastKnownFileType = sourcecode.swift; path = FirstLaunchVC.swift; sourceTree = "<group>"; };
		83A193A2230D6062002D22C0 /* Base */ = {isa = PBXFileReference; lastKnownFileType = file.storyboard; name = Base; path = Base.lproj/Main.storyboard; sourceTree = "<group>"; };
		83A193A4230D6064002D22C0 /* Assets.xcassets */ = {isa = PBXFileReference; lastKnownFileType = folder.assetcatalog; path = Assets.xcassets; sourceTree = "<group>"; };
		83A193A7230D6064002D22C0 /* Base */ = {isa = PBXFileReference; lastKnownFileType = file.storyboard; name = Base; path = Base.lproj/LaunchScreen.storyboard; sourceTree = "<group>"; };
		83A193A9230D6064002D22C0 /* Info.plist */ = {isa = PBXFileReference; lastKnownFileType = text.plist.xml; path = Info.plist; sourceTree = "<group>"; };
		83A193B1230EF655002D22C0 /* SignUpVC.swift */ = {isa = PBXFileReference; lastKnownFileType = sourcecode.swift; path = SignUpVC.swift; sourceTree = "<group>"; };
		83A193B3230EF66C002D22C0 /* LoginVC.swift */ = {isa = PBXFileReference; lastKnownFileType = sourcecode.swift; path = LoginVC.swift; sourceTree = "<group>"; };
		83A193B5230EF686002D22C0 /* MainVC.swift */ = {isa = PBXFileReference; lastKnownFileType = sourcecode.swift; path = MainVC.swift; sourceTree = "<group>"; };
		83A193B8230F0570002D22C0 /* Utilities.swift */ = {isa = PBXFileReference; fileEncoding = 4; lastKnownFileType = sourcecode.swift; path = Utilities.swift; sourceTree = "<group>"; };
		83A193BD230F2640002D22C0 /* Constants.swift */ = {isa = PBXFileReference; lastKnownFileType = sourcecode.swift; path = Constants.swift; sourceTree = "<group>"; };
		83A3BD1A23A68809003FDCC1 /* CenterAlignedFlowlayout.swift */ = {isa = PBXFileReference; lastKnownFileType = sourcecode.swift; path = CenterAlignedFlowlayout.swift; sourceTree = "<group>"; };
		83A3BD1C23A6887E003FDCC1 /* LeftAlignedFlowLayout.swift */ = {isa = PBXFileReference; lastKnownFileType = sourcecode.swift; path = LeftAlignedFlowLayout.swift; sourceTree = "<group>"; };
		83A3BD1F23A68C3D003FDCC1 /* ContentCell.swift */ = {isa = PBXFileReference; lastKnownFileType = sourcecode.swift; path = ContentCell.swift; sourceTree = "<group>"; };
		83A3BD2323A68CA7003FDCC1 /* AddItemCell.swift */ = {isa = PBXFileReference; lastKnownFileType = sourcecode.swift; path = AddItemCell.swift; sourceTree = "<group>"; };
		83A6622C236F3C1600412A46 /* bottomBorderTextfieldExtension.swift */ = {isa = PBXFileReference; lastKnownFileType = sourcecode.swift; path = bottomBorderTextfieldExtension.swift; sourceTree = "<group>"; };
		83A68D04239EBB6800DBDB45 /* DataHandler.swift */ = {isa = PBXFileReference; lastKnownFileType = sourcecode.swift; path = DataHandler.swift; sourceTree = "<group>"; };
		83BE0A7B2440F1AA0095DCAD /* AlignedAspectFitImageViewHelper.swift */ = {isa = PBXFileReference; lastKnownFileType = sourcecode.swift; path = AlignedAspectFitImageViewHelper.swift; sourceTree = "<group>"; };
		83BE0A7D2443870F0095DCAD /* ImageHelper.swift */ = {isa = PBXFileReference; lastKnownFileType = sourcecode.swift; path = ImageHelper.swift; sourceTree = "<group>"; };
		83BF292E23DE28DB003A3AF1 /* EmailVC.swift */ = {isa = PBXFileReference; lastKnownFileType = sourcecode.swift; path = EmailVC.swift; sourceTree = "<group>"; };
		83C041EB23DA435100AF527F /* MainNavigationControllerViewController.swift */ = {isa = PBXFileReference; lastKnownFileType = sourcecode.swift; path = MainNavigationControllerViewController.swift; sourceTree = "<group>"; };
		83D15FDC23B6731A00007A53 /* WishlistVC.swift */ = {isa = PBXFileReference; lastKnownFileType = sourcecode.swift; path = WishlistVC.swift; sourceTree = "<group>"; };
		83D15FDE23BA908900007A53 /* WishlistStruct.swift */ = {isa = PBXFileReference; lastKnownFileType = sourcecode.swift; path = WishlistStruct.swift; sourceTree = "<group>"; };
		83DA1B37241BBD13008A58EB /* UITapGesture.swift */ = {isa = PBXFileReference; lastKnownFileType = sourcecode.swift; path = UITapGesture.swift; sourceTree = "<group>"; };
		83DA1B3B241D0889008A58EB /* LoadingAnimation.json */ = {isa = PBXFileReference; fileEncoding = 4; lastKnownFileType = text.json; path = LoadingAnimation.json; sourceTree = "<group>"; };
		83DA1B3D241FAA17008A58EB /* Wishlist.entitlements */ = {isa = PBXFileReference; lastKnownFileType = text.plist.entitlements; path = Wishlist.entitlements; sourceTree = "<group>"; };
		83DA1B3E241FD915008A58EB /* UserNameVC.swift */ = {isa = PBXFileReference; lastKnownFileType = sourcecode.swift; path = UserNameVC.swift; sourceTree = "<group>"; };
		83DA1B4024210C46008A58EB /* ForgotPasswordVC.swift */ = {isa = PBXFileReference; lastKnownFileType = sourcecode.swift; path = ForgotPasswordVC.swift; sourceTree = "<group>"; };
		83DA1B4224216370008A58EB /* CreateNewListView.swift */ = {isa = PBXFileReference; lastKnownFileType = sourcecode.swift; path = CreateNewListView.swift; sourceTree = "<group>"; };
		83F0A97D238025B000EA701D /* ContainerViewController.swift */ = {isa = PBXFileReference; lastKnownFileType = sourcecode.swift; path = ContainerViewController.swift; sourceTree = "<group>"; };
		83F51D62240D0D5D00FC6036 /* StrokeAnimation.json */ = {isa = PBXFileReference; fileEncoding = 4; lastKnownFileType = text.json; path = StrokeAnimation.json; sourceTree = "<group>"; };
		83FE84B223DB3128008D9F7B /* ProfileViewController.swift */ = {isa = PBXFileReference; lastKnownFileType = sourcecode.swift; path = ProfileViewController.swift; sourceTree = "<group>"; };
		83FE84B423DB3BC9008D9F7B /* UserDefault+Helpers.swift */ = {isa = PBXFileReference; lastKnownFileType = sourcecode.swift; path = "UserDefault+Helpers.swift"; sourceTree = "<group>"; };
		9FFDD986AACAA5B52AF3C702 /* Pods-Wishlists.debug.xcconfig */ = {isa = PBXFileReference; includeInIndex = 1; lastKnownFileType = text.xcconfig; name = "Pods-Wishlists.debug.xcconfig"; path = "Target Support Files/Pods-Wishlists/Pods-Wishlists.debug.xcconfig"; sourceTree = "<group>"; };
/* End PBXFileReference section */

/* Begin PBXFrameworksBuildPhase section */
		8392D551242798F000FF6EA0 /* Frameworks */ = {
			isa = PBXFrameworksBuildPhase;
			buildActionMask = 2147483647;
			files = (
			);
			runOnlyForDeploymentPostprocessing = 0;
		};
		83A19397230D6062002D22C0 /* Frameworks */ = {
			isa = PBXFrameworksBuildPhase;
			buildActionMask = 2147483647;
			files = (
				83BE0A7A243E8E460095DCAD /* TextFieldEffects in Frameworks */,
				8392D53E24268B1F00FF6EA0 /* AuthenticationServices.framework in Frameworks */,
				DCD3D2EDD1B7AD99D2F0E049 /* Pods_Wishlists.framework in Frameworks */,
			);
			runOnlyForDeploymentPostprocessing = 0;
		};
/* End PBXFrameworksBuildPhase section */

/* Begin PBXGroup section */
		4FD8FFD4B40787802C061363 /* Pods */ = {
			isa = PBXGroup;
			children = (
				49FD15AA770B5322A0BC7C36 /* Pods-Wishlist.debug.xcconfig */,
				264894DEC8A3670A3F48B4D4 /* Pods-Wishlist.release.xcconfig */,
				9FFDD986AACAA5B52AF3C702 /* Pods-Wishlists.debug.xcconfig */,
				1E6F87A0004C35366F403145 /* Pods-Wishlists.release.xcconfig */,
			);
			path = Pods;
			sourceTree = "<group>";
		};
		74628BCC33EC0C8C1719E42E /* Frameworks */ = {
			isa = PBXGroup;
			children = (
				8392D53D24268B1F00FF6EA0 /* AuthenticationServices.framework */,
				3F3ED32CB60A419611E0D26F /* Pods_Wishlists.framework */,
			);
			name = Frameworks;
			sourceTree = "<group>";
		};
		830646B9242BE4BF00A7F3B2 /* MenueTableView */ = {
			isa = PBXGroup;
			children = (
				830646B7242BB69000A7F3B2 /* MenueOptionTableView.swift */,
				830646B3242BAFA600A7F3B2 /* MenueOptionStruct.swift */,
				830646B5242BB05F00A7F3B2 /* MenueOptionCell.swift */,
			);
			path = MenueTableView;
			sourceTree = "<group>";
		};
		832E9CAD240C69C500135A50 /* CommunityVC */ = {
			isa = PBXGroup;
			children = (
				832E9CAE240C6A5C00135A50 /* CommunityViewController.swift */,
			);
			path = CommunityVC;
			sourceTree = "<group>";
		};
		832E9CB2240C714300135A50 /* LottieFiles */ = {
			isa = PBXGroup;
			children = (
				83DA1B3B241D0889008A58EB /* LoadingAnimation.json */,
				83F51D62240D0D5D00FC6036 /* StrokeAnimation.json */,
			);
			path = LottieFiles;
			sourceTree = "<group>";
		};
		8357A271243676CB00DFF949 /* DropDown */ = {
			isa = PBXGroup;
			children = (
				836A862623916FAC000E76E4 /* DropDownTableView.swift */,
				839A8EE823A80F9C00C432EA /* DropDownCell.swift */,
				832E0BA024323AF100CEC488 /* DropDownStruct.swift */,
			);
			path = DropDown;
			sourceTree = "<group>";
		};
		8392D555242798F000FF6EA0 /* ShareExtension */ = {
			isa = PBXGroup;
			children = (
				8392D5652427A1DA00FF6EA0 /* ShareExtension.entitlements */,
				8392D556242798F000FF6EA0 /* ShareViewController.swift */,
				8392D5632427A08100FF6EA0 /* CustomShareNavigationController.swift */,
				8392D55B242798F000FF6EA0 /* Info.plist */,
			);
			path = ShareExtension;
			sourceTree = "<group>";
		};
		83A19391230D6062002D22C0 = {
			isa = PBXGroup;
			children = (
				83A1939C230D6062002D22C0 /* Wishlist */,
				8392D555242798F000FF6EA0 /* ShareExtension */,
				83A1939B230D6062002D22C0 /* Products */,
				4FD8FFD4B40787802C061363 /* Pods */,
				74628BCC33EC0C8C1719E42E /* Frameworks */,
			);
			sourceTree = "<group>";
		};
		83A1939B230D6062002D22C0 /* Products */ = {
			isa = PBXGroup;
			children = (
				83A1939A230D6062002D22C0 /* Wishlists.app */,
				8392D554242798F000FF6EA0 /* ShareExtension.appex */,
			);
			name = Products;
			sourceTree = "<group>";
		};
		83A1939C230D6062002D22C0 /* Wishlist */ = {
			isa = PBXGroup;
			children = (
				83DA1B3D241FAA17008A58EB /* Wishlist.entitlements */,
				8392D5662428F52500FF6EA0 /* GoogleService-Info.plist */,
				83A1939D230D6062002D22C0 /* AppDelegate.swift */,
				83A193BA230F0580002D22C0 /* Helpers */,
				83A193B7230EF6AC002D22C0 /* View Controllers */,
				83A68D04239EBB6800DBDB45 /* DataHandler.swift */,
				83C041EB23DA435100AF527F /* MainNavigationControllerViewController.swift */,
				83FE84B423DB3BC9008D9F7B /* UserDefault+Helpers.swift */,
				83A193A1230D6062002D22C0 /* Main.storyboard */,
				83A193A4230D6064002D22C0 /* Assets.xcassets */,
				83A193A6230D6064002D22C0 /* LaunchScreen.storyboard */,
				83A193A9230D6064002D22C0 /* Info.plist */,
			);
			path = Wishlist;
			sourceTree = "<group>";
		};
		83A193B7230EF6AC002D22C0 /* View Controllers */ = {
			isa = PBXGroup;
			children = (
				83A68D07239ED70A00DBDB45 /* StartingVC */,
				83A68D0B239ED99200DBDB45 /* HomeVC */,
				83A68D08239ED80200DBDB45 /* BottomBarVC */,
			);
			path = "View Controllers";
			sourceTree = "<group>";
		};
		83A193BA230F0580002D22C0 /* Helpers */ = {
			isa = PBXGroup;
			children = (
				832E9CB2240C714300135A50 /* LottieFiles */,
				83A68D06239ED5D800DBDB45 /* TextfieldExtensions */,
				83A3BD1923A687BF003FDCC1 /* FlowLayoutHelpers */,
				8386EB8823CDFDCF00C7720F /* AlertHelper.swift */,
				8338857923F8A0AE0043DC12 /* TableViewAnimations.swift */,
				83BE0A7B2440F1AA0095DCAD /* AlignedAspectFitImageViewHelper.swift */,
				83A193B8230F0570002D22C0 /* Utilities.swift */,
				83A193BD230F2640002D22C0 /* Constants.swift */,
				830646BA242D210200A7F3B2 /* ColorHelper.swift */,
				83BE0A7D2443870F0095DCAD /* ImageHelper.swift */,
				83953A6C23D64F4900589036 /* ButtonHelper.swift */,
			);
			path = Helpers;
			sourceTree = "<group>";
		};
		83A3BD1923A687BF003FDCC1 /* FlowLayoutHelpers */ = {
			isa = PBXGroup;
			children = (
				83A3BD1A23A68809003FDCC1 /* CenterAlignedFlowlayout.swift */,
				83A3BD1C23A6887E003FDCC1 /* LeftAlignedFlowLayout.swift */,
			);
			path = FlowLayoutHelpers;
			sourceTree = "<group>";
		};
		83A3BD1E23A68C20003FDCC1 /* CollectionView */ = {
			isa = PBXGroup;
			children = (
				83A3BD1F23A68C3D003FDCC1 /* ContentCell.swift */,
				83A3BD2323A68CA7003FDCC1 /* AddItemCell.swift */,
				8357A26F243657CB00DFF949 /* MainCollectionView.swift */,
				836232B523CD2BC700FA498D /* CollectionViewAnimations.swift */,
			);
			path = CollectionView;
			sourceTree = "<group>";
		};
		83A68D06239ED5D800DBDB45 /* TextfieldExtensions */ = {
			isa = PBXGroup;
			children = (
				83605074232674760013EBD2 /* TextfieldExtension.swift */,
				83DA1B37241BBD13008A58EB /* UITapGesture.swift */,
				83A6622C236F3C1600412A46 /* bottomBorderTextfieldExtension.swift */,
			);
			path = TextfieldExtensions;
			sourceTree = "<group>";
		};
		83A68D07239ED70A00DBDB45 /* StartingVC */ = {
			isa = PBXGroup;
			children = (
				83A1939F230D6062002D22C0 /* FirstLaunchVC.swift */,
				83DA1B3E241FD915008A58EB /* UserNameVC.swift */,
				83A193B1230EF655002D22C0 /* SignUpVC.swift */,
				83A193B3230EF66C002D22C0 /* LoginVC.swift */,
				83BF292E23DE28DB003A3AF1 /* EmailVC.swift */,
				83DA1B4024210C46008A58EB /* ForgotPasswordVC.swift */,
			);
			path = StartingVC;
			sourceTree = "<group>";
		};
		83A68D08239ED80200DBDB45 /* BottomBarVC */ = {
			isa = PBXGroup;
			children = (
				83F0A97D238025B000EA701D /* ContainerViewController.swift */,
			);
			path = BottomBarVC;
			sourceTree = "<group>";
		};
		83A68D09239ED83800DBDB45 /* WishlistVC */ = {
			isa = PBXGroup;
			children = (
				83D15FDC23B6731A00007A53 /* WishlistVC.swift */,
				836A862423880B21000E76E4 /* WhishlistTableViewController.swift */,
				836A862223875325000E76E4 /* WhishCell.swift */,
				83D15FDE23BA908900007A53 /* WishlistStruct.swift */,
				830646B9242BE4BF00A7F3B2 /* MenueTableView */,
			);
			path = WishlistVC;
			sourceTree = "<group>";
		};
		83A68D0B239ED99200DBDB45 /* HomeVC */ = {
			isa = PBXGroup;
			children = (
				83A193B5230EF686002D22C0 /* MainVC.swift */,
				832E9CAD240C69C500135A50 /* CommunityVC */,
				83FE84B123DB30FA008D9F7B /* ProfileVC */,
				83A3BD1E23A68C20003FDCC1 /* CollectionView */,
				83A68D0C239ED9F900DBDB45 /* CreateNewListVC */,
				83A68D0D239EDA5000DBDB45 /* MakeWishView */,
				83A68D09239ED83800DBDB45 /* WishlistVC */,
			);
			path = HomeVC;
			sourceTree = "<group>";
		};
		83A68D0C239ED9F900DBDB45 /* CreateNewListVC */ = {
			isa = PBXGroup;
			children = (
				839091CD237220690034ED79 /* ImageCollectionVC.swift */,
				839091CF2372F74A0034ED79 /* ImageCollectionViewCell.swift */,
				83DA1B4224216370008A58EB /* CreateNewListView.swift */,
			);
			path = CreateNewListVC;
			sourceTree = "<group>";
		};
		83A68D0D239EDA5000DBDB45 /* MakeWishView */ = {
			isa = PBXGroup;
			children = (
				8357A271243676CB00DFF949 /* DropDown */,
				836232B323C9E40700FA498D /* MakeWishView.swift */,
				8357A272243677B300DFF949 /* WishWishView.swift */,
			);
			path = MakeWishView;
			sourceTree = "<group>";
		};
		83FE84B123DB30FA008D9F7B /* ProfileVC */ = {
			isa = PBXGroup;
			children = (
				83FE84B223DB3128008D9F7B /* ProfileViewController.swift */,
			);
			path = ProfileVC;
			sourceTree = "<group>";
		};
/* End PBXGroup section */

/* Begin PBXNativeTarget section */
		8392D553242798F000FF6EA0 /* ShareExtension */ = {
			isa = PBXNativeTarget;
			buildConfigurationList = 8392D55F242798F000FF6EA0 /* Build configuration list for PBXNativeTarget "ShareExtension" */;
			buildPhases = (
				8392D550242798F000FF6EA0 /* Sources */,
				8392D551242798F000FF6EA0 /* Frameworks */,
				8392D552242798F000FF6EA0 /* Resources */,
			);
			buildRules = (
			);
			dependencies = (
			);
			name = ShareExtension;
			productName = ShareExtension;
			productReference = 8392D554242798F000FF6EA0 /* ShareExtension.appex */;
			productType = "com.apple.product-type.app-extension";
		};
		83A19399230D6062002D22C0 /* Wishlists */ = {
			isa = PBXNativeTarget;
			buildConfigurationList = 83A193AC230D6064002D22C0 /* Build configuration list for PBXNativeTarget "Wishlists" */;
			buildPhases = (
				396BFD27F19B7A797A126B44 /* [CP] Check Pods Manifest.lock */,
				83A19396230D6062002D22C0 /* Sources */,
				83A19397230D6062002D22C0 /* Frameworks */,
				83A19398230D6062002D22C0 /* Resources */,
				02F830CCF22F747FE40F23AB /* [CP] Embed Pods Frameworks */,
				E3F54B9247CAE7B9BD09B2C3 /* [CP] Copy Pods Resources */,
				8392D562242798F000FF6EA0 /* Embed App Extensions */,
			);
			buildRules = (
			);
			dependencies = (
				8392D55D242798F000FF6EA0 /* PBXTargetDependency */,
			);
			name = Wishlists;
			packageProductDependencies = (
				83BE0A79243E8E460095DCAD /* TextFieldEffects */,
			);
			productName = Wishlist;
			productReference = 83A1939A230D6062002D22C0 /* Wishlists.app */;
			productType = "com.apple.product-type.application";
		};
/* End PBXNativeTarget section */

/* Begin PBXProject section */
		83A19392230D6062002D22C0 /* Project object */ = {
			isa = PBXProject;
			attributes = {
				LastSwiftUpdateCheck = 1130;
				LastUpgradeCheck = 1030;
				ORGANIZATIONNAME = CKBusiness;
				TargetAttributes = {
					8392D553242798F000FF6EA0 = {
						CreatedOnToolsVersion = 11.3.1;
					};
					83A19399230D6062002D22C0 = {
						CreatedOnToolsVersion = 10.3;
					};
				};
			};
			buildConfigurationList = 83A19395230D6062002D22C0 /* Build configuration list for PBXProject "Wishlists" */;
			compatibilityVersion = "Xcode 9.3";
			developmentRegion = en;
			hasScannedForEncodings = 0;
			knownRegions = (
				en,
				Base,
			);
			mainGroup = 83A19391230D6062002D22C0;
			packageReferences = (
				83BE0A78243E8E460095DCAD /* XCRemoteSwiftPackageReference "TextFieldEffects" */,
			);
			productRefGroup = 83A1939B230D6062002D22C0 /* Products */;
			projectDirPath = "";
			projectRoot = "";
			targets = (
				83A19399230D6062002D22C0 /* Wishlists */,
				8392D553242798F000FF6EA0 /* ShareExtension */,
			);
		};
/* End PBXProject section */

/* Begin PBXResourcesBuildPhase section */
		8392D552242798F000FF6EA0 /* Resources */ = {
			isa = PBXResourcesBuildPhase;
			buildActionMask = 2147483647;
			files = (
			);
			runOnlyForDeploymentPostprocessing = 0;
		};
		83A19398230D6062002D22C0 /* Resources */ = {
			isa = PBXResourcesBuildPhase;
			buildActionMask = 2147483647;
			files = (
				83F51D63240D0D5D00FC6036 /* StrokeAnimation.json in Resources */,
				83A193A8230D6064002D22C0 /* LaunchScreen.storyboard in Resources */,
				83A193A3230D6062002D22C0 /* Main.storyboard in Resources */,
				83D39BB92421774900AE88F7 /* Assets.xcassets in Resources */,
				83DA1B3C241D0889008A58EB /* LoadingAnimation.json in Resources */,
				8392D5672428F52500FF6EA0 /* GoogleService-Info.plist in Resources */,
			);
			runOnlyForDeploymentPostprocessing = 0;
		};
/* End PBXResourcesBuildPhase section */

/* Begin PBXShellScriptBuildPhase section */
		02F830CCF22F747FE40F23AB /* [CP] Embed Pods Frameworks */ = {
			isa = PBXShellScriptBuildPhase;
			buildActionMask = 2147483647;
			files = (
			);
			inputFileListPaths = (
				"${PODS_ROOT}/Target Support Files/Pods-Wishlists/Pods-Wishlists-frameworks-${CONFIGURATION}-input-files.xcfilelist",
			);
			name = "[CP] Embed Pods Frameworks";
			outputFileListPaths = (
				"${PODS_ROOT}/Target Support Files/Pods-Wishlists/Pods-Wishlists-frameworks-${CONFIGURATION}-output-files.xcfilelist",
			);
			runOnlyForDeploymentPostprocessing = 0;
			shellPath = /bin/sh;
			shellScript = "\"${PODS_ROOT}/Target Support Files/Pods-Wishlists/Pods-Wishlists-frameworks.sh\"\n";
			showEnvVarsInLog = 0;
		};
		396BFD27F19B7A797A126B44 /* [CP] Check Pods Manifest.lock */ = {
			isa = PBXShellScriptBuildPhase;
			buildActionMask = 2147483647;
			files = (
			);
			inputFileListPaths = (
			);
			inputPaths = (
				"${PODS_PODFILE_DIR_PATH}/Podfile.lock",
				"${PODS_ROOT}/Manifest.lock",
			);
			name = "[CP] Check Pods Manifest.lock";
			outputFileListPaths = (
			);
			outputPaths = (
				"$(DERIVED_FILE_DIR)/Pods-Wishlists-checkManifestLockResult.txt",
			);
			runOnlyForDeploymentPostprocessing = 0;
			shellPath = /bin/sh;
			shellScript = "diff \"${PODS_PODFILE_DIR_PATH}/Podfile.lock\" \"${PODS_ROOT}/Manifest.lock\" > /dev/null\nif [ $? != 0 ] ; then\n    # print error to STDERR\n    echo \"error: The sandbox is not in sync with the Podfile.lock. Run 'pod install' or update your CocoaPods installation.\" >&2\n    exit 1\nfi\n# This output is used by Xcode 'outputs' to avoid re-running this script phase.\necho \"SUCCESS\" > \"${SCRIPT_OUTPUT_FILE_0}\"\n";
			showEnvVarsInLog = 0;
		};
		E3F54B9247CAE7B9BD09B2C3 /* [CP] Copy Pods Resources */ = {
			isa = PBXShellScriptBuildPhase;
			buildActionMask = 2147483647;
			files = (
			);
			inputFileListPaths = (
				"${PODS_ROOT}/Target Support Files/Pods-Wishlists/Pods-Wishlists-resources-${CONFIGURATION}-input-files.xcfilelist",
			);
			name = "[CP] Copy Pods Resources";
			outputFileListPaths = (
				"${PODS_ROOT}/Target Support Files/Pods-Wishlists/Pods-Wishlists-resources-${CONFIGURATION}-output-files.xcfilelist",
			);
			runOnlyForDeploymentPostprocessing = 0;
			shellPath = /bin/sh;
			shellScript = "\"${PODS_ROOT}/Target Support Files/Pods-Wishlists/Pods-Wishlists-resources.sh\"\n";
			showEnvVarsInLog = 0;
		};
/* End PBXShellScriptBuildPhase section */

/* Begin PBXSourcesBuildPhase section */
		8392D550242798F000FF6EA0 /* Sources */ = {
			isa = PBXSourcesBuildPhase;
			buildActionMask = 2147483647;
			files = (
				8392D5642427A08100FF6EA0 /* CustomShareNavigationController.swift in Sources */,
				8392D557242798F000FF6EA0 /* ShareViewController.swift in Sources */,
			);
			runOnlyForDeploymentPostprocessing = 0;
		};
		83A19396230D6062002D22C0 /* Sources */ = {
			isa = PBXSourcesBuildPhase;
			buildActionMask = 2147483647;
			files = (
				83A3BD2023A68C3D003FDCC1 /* ContentCell.swift in Sources */,
				839091CE237220690034ED79 /* ImageCollectionVC.swift in Sources */,
				83A193B9230F0570002D22C0 /* Utilities.swift in Sources */,
				83D15FDF23BA908900007A53 /* WishlistStruct.swift in Sources */,
				836A862523880B21000E76E4 /* WhishlistTableViewController.swift in Sources */,
				83FE84B323DB3128008D9F7B /* ProfileViewController.swift in Sources */,
				83A193B6230EF686002D22C0 /* MainVC.swift in Sources */,
				830646BB242D210200A7F3B2 /* ColorHelper.swift in Sources */,
				839A8EE923A80F9C00C432EA /* DropDownCell.swift in Sources */,
				830646B8242BB69000A7F3B2 /* MenueOptionTableView.swift in Sources */,
				8357A270243657CB00DFF949 /* MainCollectionView.swift in Sources */,
				830646B6242BB05F00A7F3B2 /* MenueOptionCell.swift in Sources */,
				83A6622D236F3C1600412A46 /* bottomBorderTextfieldExtension.swift in Sources */,
				836A862323875325000E76E4 /* WhishCell.swift in Sources */,
				83DA1B3F241FD915008A58EB /* UserNameVC.swift in Sources */,
				830646B4242BAFA600A7F3B2 /* MenueOptionStruct.swift in Sources */,
				836A862723916FAD000E76E4 /* DropDownTableView.swift in Sources */,
				832E0BA124323AF100CEC488 /* DropDownStruct.swift in Sources */,
				83DA1B4124210C46008A58EB /* ForgotPasswordVC.swift in Sources */,
				83A3BD1D23A6887E003FDCC1 /* LeftAlignedFlowLayout.swift in Sources */,
				83DA1B4324216370008A58EB /* CreateNewListView.swift in Sources */,
				83A3BD2423A68CA7003FDCC1 /* AddItemCell.swift in Sources */,
				83D15FDD23B6731A00007A53 /* WishlistVC.swift in Sources */,
				839091D02372F74A0034ED79 /* ImageCollectionViewCell.swift in Sources */,
				83A193B4230EF66C002D22C0 /* LoginVC.swift in Sources */,
				83953A6D23D64F4A00589036 /* ButtonHelper.swift in Sources */,
				83A193B2230EF655002D22C0 /* SignUpVC.swift in Sources */,
				8386EB8923CDFDCF00C7720F /* AlertHelper.swift in Sources */,
				836232B623CD2BC700FA498D /* CollectionViewAnimations.swift in Sources */,
				83FE84B523DB3BC9008D9F7B /* UserDefault+Helpers.swift in Sources */,
				8338857A23F8A0AE0043DC12 /* TableViewAnimations.swift in Sources */,
				83F0A97E238025B000EA701D /* ContainerViewController.swift in Sources */,
				83A193BE230F2640002D22C0 /* Constants.swift in Sources */,
				83BE0A7C2440F1AC0095DCAD /* AlignedAspectFitImageViewHelper.swift in Sources */,
				83A68D05239EBB6800DBDB45 /* DataHandler.swift in Sources */,
				83605075232674760013EBD2 /* TextfieldExtension.swift in Sources */,
				83A193A0230D6062002D22C0 /* FirstLaunchVC.swift in Sources */,
				83BE0A7E244387110095DCAD /* ImageHelper.swift in Sources */,
				83DA1B38241BBD13008A58EB /* UITapGesture.swift in Sources */,
				83A3BD1B23A68809003FDCC1 /* CenterAlignedFlowlayout.swift in Sources */,
				83BF292F23DE28DB003A3AF1 /* EmailVC.swift in Sources */,
				83A1939E230D6062002D22C0 /* AppDelegate.swift in Sources */,
				832E9CAF240C6A5C00135A50 /* CommunityViewController.swift in Sources */,
				836232B423C9E40800FA498D /* MakeWishView.swift in Sources */,
				8357A273243677B300DFF949 /* WishWishView.swift in Sources */,
				83C041EC23DA435100AF527F /* MainNavigationControllerViewController.swift in Sources */,
			);
			runOnlyForDeploymentPostprocessing = 0;
		};
/* End PBXSourcesBuildPhase section */

/* Begin PBXTargetDependency section */
		8392D55D242798F000FF6EA0 /* PBXTargetDependency */ = {
			isa = PBXTargetDependency;
			target = 8392D553242798F000FF6EA0 /* ShareExtension */;
			targetProxy = 8392D55C242798F000FF6EA0 /* PBXContainerItemProxy */;
		};
/* End PBXTargetDependency section */

/* Begin PBXVariantGroup section */
		83A193A1230D6062002D22C0 /* Main.storyboard */ = {
			isa = PBXVariantGroup;
			children = (
				83A193A2230D6062002D22C0 /* Base */,
			);
			name = Main.storyboard;
			sourceTree = "<group>";
		};
		83A193A6230D6064002D22C0 /* LaunchScreen.storyboard */ = {
			isa = PBXVariantGroup;
			children = (
				83A193A7230D6064002D22C0 /* Base */,
			);
			name = LaunchScreen.storyboard;
			sourceTree = "<group>";
		};
/* End PBXVariantGroup section */

/* Begin XCBuildConfiguration section */
		8392D560242798F000FF6EA0 /* Debug */ = {
			isa = XCBuildConfiguration;
			buildSettings = {
				CODE_SIGN_ENTITLEMENTS = ShareExtension/ShareExtension.entitlements;
				CODE_SIGN_STYLE = Automatic;
				DEVELOPMENT_TEAM = SN26HDFT24;
				INFOPLIST_FILE = ShareExtension/Info.plist;
				IPHONEOS_DEPLOYMENT_TARGET = 13.2;
				LD_RUNPATH_SEARCH_PATHS = (
					"$(inherited)",
					"@executable_path/Frameworks",
					"@executable_path/../../Frameworks",
				);
				PRODUCT_BUNDLE_IDENTIFIER = com.ckbusiness.Wishlists.ShareExtension;
				PRODUCT_NAME = "$(TARGET_NAME)";
				SKIP_INSTALL = YES;
				SWIFT_VERSION = 5.0;
				TARGETED_DEVICE_FAMILY = 1;
			};
			name = Debug;
		};
		8392D561242798F000FF6EA0 /* Release */ = {
			isa = XCBuildConfiguration;
			buildSettings = {
				CODE_SIGN_ENTITLEMENTS = ShareExtension/ShareExtension.entitlements;
				CODE_SIGN_STYLE = Automatic;
				DEVELOPMENT_TEAM = SN26HDFT24;
				INFOPLIST_FILE = ShareExtension/Info.plist;
				IPHONEOS_DEPLOYMENT_TARGET = 13.2;
				LD_RUNPATH_SEARCH_PATHS = (
					"$(inherited)",
					"@executable_path/Frameworks",
					"@executable_path/../../Frameworks",
				);
				PRODUCT_BUNDLE_IDENTIFIER = com.ckbusiness.Wishlists.ShareExtension;
				PRODUCT_NAME = "$(TARGET_NAME)";
				SKIP_INSTALL = YES;
				SWIFT_VERSION = 5.0;
				TARGETED_DEVICE_FAMILY = 1;
			};
			name = Release;
		};
		83A193AA230D6064002D22C0 /* Debug */ = {
			isa = XCBuildConfiguration;
			buildSettings = {
				ALWAYS_SEARCH_USER_PATHS = NO;
				CLANG_ANALYZER_NONNULL = YES;
				CLANG_ANALYZER_NUMBER_OBJECT_CONVERSION = YES_AGGRESSIVE;
				CLANG_CXX_LANGUAGE_STANDARD = "gnu++14";
				CLANG_CXX_LIBRARY = "libc++";
				CLANG_ENABLE_MODULES = YES;
				CLANG_ENABLE_OBJC_ARC = YES;
				CLANG_ENABLE_OBJC_WEAK = YES;
				CLANG_WARN_BLOCK_CAPTURE_AUTORELEASING = YES;
				CLANG_WARN_BOOL_CONVERSION = YES;
				CLANG_WARN_COMMA = YES;
				CLANG_WARN_CONSTANT_CONVERSION = YES;
				CLANG_WARN_DEPRECATED_OBJC_IMPLEMENTATIONS = YES;
				CLANG_WARN_DIRECT_OBJC_ISA_USAGE = YES_ERROR;
				CLANG_WARN_DOCUMENTATION_COMMENTS = YES;
				CLANG_WARN_EMPTY_BODY = YES;
				CLANG_WARN_ENUM_CONVERSION = YES;
				CLANG_WARN_INFINITE_RECURSION = YES;
				CLANG_WARN_INT_CONVERSION = YES;
				CLANG_WARN_NON_LITERAL_NULL_CONVERSION = YES;
				CLANG_WARN_OBJC_IMPLICIT_RETAIN_SELF = YES;
				CLANG_WARN_OBJC_LITERAL_CONVERSION = YES;
				CLANG_WARN_OBJC_ROOT_CLASS = YES_ERROR;
				CLANG_WARN_RANGE_LOOP_ANALYSIS = YES;
				CLANG_WARN_STRICT_PROTOTYPES = YES;
				CLANG_WARN_SUSPICIOUS_MOVE = YES;
				CLANG_WARN_UNGUARDED_AVAILABILITY = YES_AGGRESSIVE;
				CLANG_WARN_UNREACHABLE_CODE = YES;
				CLANG_WARN__DUPLICATE_METHOD_MATCH = YES;
				CODE_SIGN_IDENTITY = "iPhone Developer";
				COPY_PHASE_STRIP = NO;
				DEBUG_INFORMATION_FORMAT = dwarf;
				ENABLE_STRICT_OBJC_MSGSEND = YES;
				ENABLE_TESTABILITY = YES;
				GCC_C_LANGUAGE_STANDARD = gnu11;
				GCC_DYNAMIC_NO_PIC = NO;
				GCC_NO_COMMON_BLOCKS = YES;
				GCC_OPTIMIZATION_LEVEL = 0;
				GCC_PREPROCESSOR_DEFINITIONS = (
					"DEBUG=1",
					"$(inherited)",
				);
				GCC_WARN_64_TO_32_BIT_CONVERSION = YES;
				GCC_WARN_ABOUT_RETURN_TYPE = YES_ERROR;
				GCC_WARN_UNDECLARED_SELECTOR = YES;
				GCC_WARN_UNINITIALIZED_AUTOS = YES_AGGRESSIVE;
				GCC_WARN_UNUSED_FUNCTION = YES;
				GCC_WARN_UNUSED_VARIABLE = YES;
				IPHONEOS_DEPLOYMENT_TARGET = 12.4;
				MTL_ENABLE_DEBUG_INFO = INCLUDE_SOURCE;
				MTL_FAST_MATH = YES;
				ONLY_ACTIVE_ARCH = YES;
				SDKROOT = iphoneos;
				SWIFT_ACTIVE_COMPILATION_CONDITIONS = DEBUG;
				SWIFT_OPTIMIZATION_LEVEL = "-Onone";
			};
			name = Debug;
		};
		83A193AB230D6064002D22C0 /* Release */ = {
			isa = XCBuildConfiguration;
			buildSettings = {
				ALWAYS_SEARCH_USER_PATHS = NO;
				CLANG_ANALYZER_NONNULL = YES;
				CLANG_ANALYZER_NUMBER_OBJECT_CONVERSION = YES_AGGRESSIVE;
				CLANG_CXX_LANGUAGE_STANDARD = "gnu++14";
				CLANG_CXX_LIBRARY = "libc++";
				CLANG_ENABLE_MODULES = YES;
				CLANG_ENABLE_OBJC_ARC = YES;
				CLANG_ENABLE_OBJC_WEAK = YES;
				CLANG_WARN_BLOCK_CAPTURE_AUTORELEASING = YES;
				CLANG_WARN_BOOL_CONVERSION = YES;
				CLANG_WARN_COMMA = YES;
				CLANG_WARN_CONSTANT_CONVERSION = YES;
				CLANG_WARN_DEPRECATED_OBJC_IMPLEMENTATIONS = YES;
				CLANG_WARN_DIRECT_OBJC_ISA_USAGE = YES_ERROR;
				CLANG_WARN_DOCUMENTATION_COMMENTS = YES;
				CLANG_WARN_EMPTY_BODY = YES;
				CLANG_WARN_ENUM_CONVERSION = YES;
				CLANG_WARN_INFINITE_RECURSION = YES;
				CLANG_WARN_INT_CONVERSION = YES;
				CLANG_WARN_NON_LITERAL_NULL_CONVERSION = YES;
				CLANG_WARN_OBJC_IMPLICIT_RETAIN_SELF = YES;
				CLANG_WARN_OBJC_LITERAL_CONVERSION = YES;
				CLANG_WARN_OBJC_ROOT_CLASS = YES_ERROR;
				CLANG_WARN_RANGE_LOOP_ANALYSIS = YES;
				CLANG_WARN_STRICT_PROTOTYPES = YES;
				CLANG_WARN_SUSPICIOUS_MOVE = YES;
				CLANG_WARN_UNGUARDED_AVAILABILITY = YES_AGGRESSIVE;
				CLANG_WARN_UNREACHABLE_CODE = YES;
				CLANG_WARN__DUPLICATE_METHOD_MATCH = YES;
				CODE_SIGN_IDENTITY = "iPhone Developer";
				COPY_PHASE_STRIP = NO;
				DEBUG_INFORMATION_FORMAT = "dwarf-with-dsym";
				ENABLE_NS_ASSERTIONS = NO;
				ENABLE_STRICT_OBJC_MSGSEND = YES;
				GCC_C_LANGUAGE_STANDARD = gnu11;
				GCC_NO_COMMON_BLOCKS = YES;
				GCC_WARN_64_TO_32_BIT_CONVERSION = YES;
				GCC_WARN_ABOUT_RETURN_TYPE = YES_ERROR;
				GCC_WARN_UNDECLARED_SELECTOR = YES;
				GCC_WARN_UNINITIALIZED_AUTOS = YES_AGGRESSIVE;
				GCC_WARN_UNUSED_FUNCTION = YES;
				GCC_WARN_UNUSED_VARIABLE = YES;
				IPHONEOS_DEPLOYMENT_TARGET = 12.4;
				MTL_ENABLE_DEBUG_INFO = NO;
				MTL_FAST_MATH = YES;
				SDKROOT = iphoneos;
				SWIFT_COMPILATION_MODE = wholemodule;
				SWIFT_OPTIMIZATION_LEVEL = "-O";
				VALIDATE_PRODUCT = YES;
			};
			name = Release;
		};
		83A193AD230D6064002D22C0 /* Debug */ = {
			isa = XCBuildConfiguration;
			baseConfigurationReference = 9FFDD986AACAA5B52AF3C702 /* Pods-Wishlists.debug.xcconfig */;
			buildSettings = {
				ALWAYS_EMBED_SWIFT_STANDARD_LIBRARIES = YES;
				ASSETCATALOG_COMPILER_APPICON_NAME = AppIcon;
				CODE_SIGN_ENTITLEMENTS = Wishlist/Wishlist.entitlements;
				CODE_SIGN_STYLE = Automatic;
				DEVELOPMENT_TEAM = SN26HDFT24;
				INFOPLIST_FILE = Wishlist/Info.plist;
				IPHONEOS_DEPLOYMENT_TARGET = 13.0;
				LD_RUNPATH_SEARCH_PATHS = (
					"$(inherited)",
					"@executable_path/Frameworks",
				);
				PRODUCT_BUNDLE_IDENTIFIER = com.ckbusiness.Wishlists;
				PRODUCT_NAME = "$(TARGET_NAME)";
				SWIFT_VERSION = 5.0;
				TARGETED_DEVICE_FAMILY = 1;
			};
			name = Debug;
		};
		83A193AE230D6064002D22C0 /* Release */ = {
			isa = XCBuildConfiguration;
			baseConfigurationReference = 1E6F87A0004C35366F403145 /* Pods-Wishlists.release.xcconfig */;
			buildSettings = {
				ALWAYS_EMBED_SWIFT_STANDARD_LIBRARIES = YES;
				ASSETCATALOG_COMPILER_APPICON_NAME = AppIcon;
				CODE_SIGN_ENTITLEMENTS = Wishlist/Wishlist.entitlements;
				CODE_SIGN_STYLE = Automatic;
				DEVELOPMENT_TEAM = SN26HDFT24;
				INFOPLIST_FILE = Wishlist/Info.plist;
				IPHONEOS_DEPLOYMENT_TARGET = 13.0;
				LD_RUNPATH_SEARCH_PATHS = (
					"$(inherited)",
					"@executable_path/Frameworks",
				);
				PRODUCT_BUNDLE_IDENTIFIER = com.ckbusiness.Wishlists;
				PRODUCT_NAME = "$(TARGET_NAME)";
				SWIFT_VERSION = 5.0;
				TARGETED_DEVICE_FAMILY = 1;
			};
			name = Release;
		};
/* End XCBuildConfiguration section */

/* Begin XCConfigurationList section */
		8392D55F242798F000FF6EA0 /* Build configuration list for PBXNativeTarget "ShareExtension" */ = {
			isa = XCConfigurationList;
			buildConfigurations = (
				8392D560242798F000FF6EA0 /* Debug */,
				8392D561242798F000FF6EA0 /* Release */,
			);
			defaultConfigurationIsVisible = 0;
			defaultConfigurationName = Release;
		};
		83A19395230D6062002D22C0 /* Build configuration list for PBXProject "Wishlists" */ = {
			isa = XCConfigurationList;
			buildConfigurations = (
				83A193AA230D6064002D22C0 /* Debug */,
				83A193AB230D6064002D22C0 /* Release */,
			);
			defaultConfigurationIsVisible = 0;
			defaultConfigurationName = Release;
		};
		83A193AC230D6064002D22C0 /* Build configuration list for PBXNativeTarget "Wishlists" */ = {
			isa = XCConfigurationList;
			buildConfigurations = (
				83A193AD230D6064002D22C0 /* Debug */,
				83A193AE230D6064002D22C0 /* Release */,
			);
			defaultConfigurationIsVisible = 0;
			defaultConfigurationName = Release;
		};
/* End XCConfigurationList section */

/* Begin XCRemoteSwiftPackageReference section */
		83BE0A78243E8E460095DCAD /* XCRemoteSwiftPackageReference "TextFieldEffects" */ = {
			isa = XCRemoteSwiftPackageReference;
			repositoryURL = "https://github.com/raulriera/TextFieldEffects.git";
			requirement = {
				kind = upToNextMajorVersion;
				minimumVersion = 1.7.0;
			};
		};
/* End XCRemoteSwiftPackageReference section */

/* Begin XCSwiftPackageProductDependency section */
		83BE0A79243E8E460095DCAD /* TextFieldEffects */ = {
			isa = XCSwiftPackageProductDependency;
			package = 83BE0A78243E8E460095DCAD /* XCRemoteSwiftPackageReference "TextFieldEffects" */;
			productName = TextFieldEffects;
		};
/* End XCSwiftPackageProductDependency section */
	};
	rootObject = 83A19392230D6062002D22C0 /* Project object */;
}
